{
  "lockfileVersion": 1,
  "configVersion": 1,
  "workspaces": {
    "": {
      "name": "effect-qb-workspace",
      "devDependencies": {
        "@effect/platform-bun": "4.0.0-rc.112",
        "@effect/sql-mysql2": "4.0.0-rc.112",
        "@effect/sql-pg": "4.0.0-rc.112",
        "@effect/sql-sqlite-bun": "4.0.0-rc.112",
        "@types/bun": "^1.4.1",
        "@types/node": "^26.4.1",
        "@typescript/native-preview": "^7.0.0-dev.20260707.2",
        "effect": "4.0.0-rc.112",
        "effect-db": "workspace:*",
        "effect-qb": "workspace:*",
        "pgsql-ast-parser": "^12.0.2",
        "typescript": "^6.0.3",
      },
    },
    "packages/database": {
      "name": "effect-db",
      "version": "0.22.0",
      "bin": {
        "effectdb": "./dist/cli.js",
      },
      "dependencies": {
        "@effect/platform-node": "4.0.0-rc.112",
        "@effect/sql-pg": "4.0.0-rc.112",
        "effect-qb": "workspace:*",
        "tinyglobby": "0.2.17",
        "typescript": "^6.0.3",
      },
      "peerDependencies": {
        "effect": "4.0.0-rc.112",
      },
    },
    "packages/querybuilder": {
      "name": "effect-qb",
      "version": "0.22.0",
      "dependencies": {
        "pgsql-ast-parser": "^12.0.2",
      },
      "devDependencies": {
        "@types/bun": "latest",
        "@typescript/native-preview": "^7.0.0-dev.20260707.2",
      },
      "peerDependencies": {
        "effect": "4.0.0-rc.112",
      },
    },
  },
  "overrides": {
    "@effect/platform-node-shared": "4.0.0-rc.112",
  },
  "packages": {
    "@effect/platform-bun": ["@effect/platform-bun@4.0.0-rc.112", "", { "dependencies": { "@effect/platform-node-shared": "^4.0.0-rc.112" }, "peerDependencies": { "effect": "^4.0.0-rc.112" } }, "sha512-Y5n2HhV/vsbrJls9ukX42RL7zqXQxISHegWFsP9njsCyDmGTnq7QYSO82rglwrLPwtTrv5dkSRTuGw4+oXxgMg=="],

    "@effect/platform-node": ["@effect/platform-node@4.0.0-rc.112", "", { "dependencies": { "@effect/platform-node-shared": "^4.0.0-rc.112", "mime": "^4.1.0", "undici": "^8.10.0" }, "peerDependencies": { "effect": "^4.0.0-rc.112", "redis": ">=5.0.0 <7.0.0" } }, "sha512-/BMAcdNGQQskLmI0Zoa95KfTZkr9HV9N4NSxaSrusG6GeW6Ulp9KvZ+Rlaiw8lnOt43CXjFLdfll5/k5rxL4hQ=="],

    "@effect/platform-node-shared": ["@effect/platform-node-shared@4.0.0-rc.112", "", { "dependencies": { "@types/ws": "^8.18.1", "ws": "^8.21.3" }, "peerDependencies": { "effect": "^4.0.0-rc.112" } }, "sha512-ttjz0xKamFN7vL8pNDYVwddJLjZvqKePc05djlz2VcdaKbLsnYbtMnL1rbOfHgEnIUSHGh7FkjaN4DM1Ov81sQ=="],

    "@effect/sql-mysql2": ["@effect/sql-mysql2@4.0.0-rc.112", "", { "dependencies": { "mysql2": "^3.23.4" }, "peerDependencies": { "effect": "^4.0.0-rc.112" } }, "sha512-2tInSVhOGCfuWiBD+RF2QBmadr5L7woA7Hz+Z9d21AZQftw5IACo30hdm8wKE4QIzffSjAy8qaJIC7NcCqZ9hQ=="],

    "@effect/sql-pg": ["@effect/sql-pg@4.0.0-rc.112", "", { "dependencies": { "pg": "^8.23.0", "pg-connection-string": "^2.14.0", "pg-cursor": "^2.22.0", "pg-pool": "^3.14.0", "pg-types": "^4.1.0" }, "peerDependencies": { "effect": "^4.0.0-rc.112" } }, "sha512-UYUA3LAGH1Pg88Yau7eTlTLHRrIb/uTdxdPGxVcRdIjjrTzxtA7iKHR4hcmUeq5lQEcGLCopN7E4ffsAKF8vEQ=="],

    "@effect/sql-sqlite-bun": ["@effect/sql-sqlite-bun@4.0.0-rc.112", "", { "peerDependencies": { "effect": "^4.0.0-rc.112" } }, "sha512-EqR8pWZo3VzedRvP6qo5HcfqNmFvSa+sQLWQl3oBMx2KY1FCc8NYjep79wYjNkW0qABnffrPUXCMTOncd1A+5g=="],

    "@msgpackr-extract/msgpackr-extract-darwin-arm64": ["@msgpackr-extract/msgpackr-extract-darwin-arm64@3.0.4", "", { "os": "darwin", "cpu": "arm64" }, "sha512-LCkGo6JDfaBhgST7UpPWgNgLINpcpabaHfyz5OBx75nUYxBsaEPxjnyNjWpeb/xBup/682QnBfRBy2/LvPutZQ=="],

    "@msgpackr-extract/msgpackr-extract-darwin-x64": ["@msgpackr-extract/msgpackr-extract-darwin-x64@3.0.4", "", { "os": "darwin", "cpu": "x64" }, "sha512-zExlW9zUJKZH/tOtVMttwjKa4Xm/3KcNjnE3dPN92uCktwavMxpgCA3MoJK/DOnTWsQgo224OaST27/mPNAf+w=="],

    "@msgpackr-extract/msgpackr-extract-linux-arm": ["@msgpackr-extract/msgpackr-extract-linux-arm@3.0.4", "", { "os": "linux", "cpu": "arm" }, "sha512-Tg3yX65f5GbtXLkrYEHE5oibZG9epyYWas7FogTTEJeDEF9JlXJzKgXaNhT3UXlTOeA+AfZpYZYZ0uPj7Cfquw=="],

    "@msgpackr-extract/msgpackr-extract-linux-arm64": ["@msgpackr-extract/msgpackr-extract-linux-arm64@3.0.4", "", { "os": "linux", "cpu": "arm64" }, "sha512-dgX0P/9wGPJeHFBG+ZmhgE6bmtMt7NP5CRBGyyktpopdk/mW4POnrpQsSLtKI1dwpc+pPLuXHDh6vvskyQE/sw=="],

    "@msgpackr-extract/msgpackr-extract-linux-x64": ["@msgpackr-extract/msgpackr-extract-linux-x64@3.0.4", "", { "os": "linux", "cpu": "x64" }, "sha512-8TNXMEjJc3QEy7R/x1INhgiU+XakDAFUzBhaz7+Rbrs8NH5UQeHQxxmzsSBJGyV6I1jW79undiQm8tOI+D+8FQ=="],

    "@msgpackr-extract/msgpackr-extract-win32-x64": ["@msgpackr-extract/msgpackr-extract-win32-x64@3.0.4", "", { "os": "win32", "cpu": "x64" }, "sha512-CmCXPQrkbwExx3j946/PtHWHbYJiCRBRDl4BlkRQcJB/YOwQxJRTpoo7aTsortjgoJ1x7opzTSxn7C+ASSLVjQ=="],

    "@redis/bloom": ["@redis/bloom@6.2.1", "", { "peerDependencies": { "@redis/client": "^6.2.1" } }, "sha512-huQgNLaCIZfQ9SeLn4q9124uOUd8HbZDYHwwUzNcRgHqCHiHKl2dDxMqJCeWh8cMqZAoWuHR8XnWbDMIf+o7ag=="],

    "@redis/client": ["@redis/client@6.2.1", "", { "dependencies": { "cluster-key-slot": "1.1.2" }, "peerDependencies": { "@node-rs/xxhash": "^1.1.0", "@opentelemetry/api": ">=1 <2" }, "optionalPeers": ["@node-rs/xxhash", "@opentelemetry/api"] }, "sha512-LzxBY7SIBvvJiyCgcaJZZakE3fJrZZ++i24+EDW9fKpCl68D35uJcKFpZZwCfOoG9WZTbyZlMzMeM0gtOAMU9Q=="],

    "@redis/json": ["@redis/json@6.2.1", "", { "peerDependencies": { "@redis/client": "^6.2.1" } }, "sha512-AFIUJ8Gj0DaaSBHYuSt8+O0oYWM+50OK1c0OmodB7XERIA8+BbyV3O4v76f9iccWasd1/7qjfZTpuzexUaZtrQ=="],

    "@redis/search": ["@redis/search@6.2.1", "", { "peerDependencies": { "@redis/client": "^6.2.1" } }, "sha512-2vfOAOyYFE7UUw3sBBlkqqruBtOUS4HRY5MtW4hp83llrwvtrTE4r22CEqXddlV+54zkLxBE4nmsIJ/dpezQrQ=="],

    "@redis/time-series": ["@redis/time-series@6.2.1", "", { "peerDependencies": { "@redis/client": "^6.2.1" } }, "sha512-kiYniph04dJOole+L359B6C9E+jYS2uDP7hca6Onj0xF38ZIpyxARO0Iq0W4ZRn1e8Q6vqW00QFZVSMRA/2Ijw=="],

    "@types/bun": ["@types/bun@1.4.1", "", { "dependencies": { "bun-types": "1.4.1" } }, "sha512-0AVGiTXGajf1rgKom3N+c5L7CBxuoyyv1i44M0nX4UDK0G/fnRAMiri93nHuVPIb429KKtAgj7HatVmmOjeQLA=="],

    "@types/node": ["@types/node@26.4.1", "", { "dependencies": { "undici-types": "~8.3.0" } }, "sha512-k97ENvZWtvA6yqz5/FS6a7duDgOPEeOQOc2iKS/nY6mX6qJUKtLnWzQS+Xj6tXweyj6ZcTAK2Qecetnvi9nCLA=="],

    "@types/ws": ["@types/ws@8.18.1", "", { "dependencies": { "@types/node": "*" } }, "sha512-ThVF6DCVhA8kUGy+aazFQ4kXQ7E1Ty7A3ypFOe0IcJV8O/M511G99AW24irKrW56Wt44yG9+ij8FaqoBGkuBXg=="],

    "@typescript/native-preview": ["@typescript/native-preview@7.0.0-dev.20260707.2", "", { "optionalDependencies": { "@typescript/native-preview-darwin-arm64": "7.0.0-dev.20260707.2", "@typescript/native-preview-darwin-x64": "7.0.0-dev.20260707.2", "@typescript/native-preview-linux-arm": "7.0.0-dev.20260707.2", "@typescript/native-preview-linux-arm64": "7.0.0-dev.20260707.2", "@typescript/native-preview-linux-x64": "7.0.0-dev.20260707.2", "@typescript/native-preview-win32-arm64": "7.0.0-dev.20260707.2", "@typescript/native-preview-win32-x64": "7.0.0-dev.20260707.2" }, "bin": { "tsgo": "bin/tsgo" } }, "sha512-oUGp+Rep/hqMhPunyinsALUwSlzHINSxitifPiSaeqoKOKD2OlR9NE3TaPqwsl4NlGslsOSUXI1JotWQzpYCPg=="],

    "@typescript/native-preview-darwin-arm64": ["@typescript/native-preview-darwin-arm64@7.0.0-dev.20260707.2", "", { "os": "darwin", "cpu": "arm64" }, "sha512-wny2pgKjGbiZtnOIHVa3tXC1UfDqxNEFzyPGmiqybedG8hipG2Nfp0l5UxbaKCjkLacUpH/W5bP2hBOMVhCOzg=="],

    "@typescript/native-preview-darwin-x64": ["@typescript/native-preview-darwin-x64@7.0.0-dev.20260707.2", "", { "os": "darwin", "cpu": "x64" }, "sha512-Afc7M5zOwo+GpfcYwz5Z8HMB2tPVsui7nNIqEuuFB73MPdVqNn/Wmpe4tP4MRri0AtJnJknoHBaTJ/VDAp/Jhw=="],

    "@typescript/native-preview-linux-arm": ["@typescript/native-preview-linux-arm@7.0.0-dev.20260707.2", "", { "os": "linux", "cpu": "arm" }, "sha512-hJm/UOqZTr9FHmR7uNm8VGX4oKtfWk0Jem0zPeJFNC8ckGUfSBueyiEYMZB+XmRc1aG4x1E46y3CplP4CLHvGQ=="],

    "@typescript/native-preview-linux-arm64": ["@typescript/native-preview-linux-arm64@7.0.0-dev.20260707.2", "", { "os": "linux", "cpu": "arm64" }, "sha512-iITBa2WjjTI5N9t5l7Z4KoOSI+2zBlhbvFzsD/f8qX8QoKjz/Y4DPyBDgezYi8nkqjjksbgSOJ3/ykzhwrB9cg=="],

    "@typescript/native-preview-linux-x64": ["@typescript/native-preview-linux-x64@7.0.0-dev.20260707.2", "", { "os": "linux", "cpu": "x64" }, "sha512-du0dzi6y97Po5vDNdPJTyyijHCpaS22JLRnKZEJXBDaO9gCIymOv/5QQokFRuOlQm0bWl3i9PF4OVdGP6uAOQA=="],

    "@typescript/native-preview-win32-arm64": ["@typescript/native-preview-win32-arm64@7.0.0-dev.20260707.2", "", { "os": "win32", "cpu": "arm64" }, "sha512-SsAwfhyHJ1akgBc+99z4+hwdbHsdWaKB8EwCNIMA6JfSLMeUjffrYvxu+vfMyxVtOVOz7RrRXRoiDiu4a2sCtg=="],

    "@typescript/native-preview-win32-x64": ["@typescript/native-preview-win32-x64@7.0.0-dev.20260707.2", "", { "os": "win32", "cpu": "x64" }, "sha512-DL4u27stv0fo71sVhOzHSwE+YMZsbBijVI+kg5dLDLilSH79WFTJ8RSQ46vJrCMt+Gjlv/JOZP1PuLJDfioYeQ=="],

    "aws-ssl-profiles": ["aws-ssl-profiles@1.1.2", "", {}, "sha512-NZKeq9AfyQvEeNlN0zSYAaWrmBffJh3IELMZfRpJVWgrpEbtEpnjvzqBPf+mxoI287JohRDoa+/nsfqqiZmF6g=="],

    "bun-types": ["bun-types@1.4.1", "", { "dependencies": { "@types/node": "*" } }, "sha512-loKuVrAFZKfEv+JvWkHRS9GW5IqLuLRjVXN9p+vZvBN86O5hf/pBZQ5hSoyipsrMmWObZBDvWnlmKvjKTM0PdA=="],

    "cluster-key-slot": ["cluster-key-slot@1.1.2", "", {}, "sha512-RMr0FhtfXemyinomL4hrWcYJxmX6deFdCxpJzhDttxgO1+bcCnkk+9drydLVDmAMG7NE6aN/fl4F7ucU/90gAA=="],

    "commander": ["commander@2.20.3", "", {}, "sha512-GpVkmM8vF2vQUkj2LvZmD35JxeJOLCwJ9cUkugyk2nuhbv3+mJvpLYYt+0+USMxE+oj+ey/lJEnhZw75x/OMcQ=="],

    "detect-libc": ["detect-libc@2.1.2", "", {}, "sha512-Btj2BOOO83o3WyH59e8MgXsxEQVcarkUOpEYrubB0urwnN10yQ364rsiByU11nZlqWYZm05i/of7io4mzihBtQ=="],

    "discontinuous-range": ["discontinuous-range@1.0.0", "", {}, "sha512-c68LpLbO+7kP/b1Hr1qs8/BJ09F5khZGTxqxZuhzxpmwJKOgRFHJWIb9/KmqnqHhLdO55aOxFH/EGBvUQbL/RQ=="],

    "effect": ["effect@4.0.0-rc.112", "", { "dependencies": { "fast-check": "^4.9.0", "msgpackr": "^2.0.5" } }, "sha512-wXxwuh1Ywnv4cPRM3Wfa0vDwuOHnZ1TsTgHJkG9XgzND6inhBH9n1vBxhg3iIXOia/OrpmvVmd3lrD4vq6bF3A=="],

    "effect-db": ["effect-db@workspace:packages/database"],

    "effect-qb": ["effect-qb@workspace:packages/querybuilder"],

    "fast-check": ["fast-check@4.9.0", "", { "dependencies": { "pure-rand": "^8.0.0" } }, "sha512-7ms6T7SybUev/PQITciI0yLM2pOSFy5zpG8Ty7tQofcVaQUvrMXp6CBwqF6fThLCLOrfBtuHAtwq6Yu4XPCllg=="],

    "fdir": ["fdir@6.5.0", "", { "peerDependencies": { "picomatch": "^3 || ^4" }, "optionalPeers": ["picomatch"] }, "sha512-tIbYtZbucOs0BRGqPJkshJUYdL+SDH7dVM8gjy+ERp3WAUjLEFJE+02kanyHtwjWOnwrKYBiwAmM0p4kLJAnXg=="],

    "generate-function": ["generate-function@2.3.1", "", { "dependencies": { "is-property": "^1.0.2" } }, "sha512-eeB5GfMNeevm/GRYq20ShmsaGcmI81kIX2K9XQx5miC8KdHaC6Jm0qQ8ZNeGOi7wYB8OsdxKs+Y2oVuTFuVwKQ=="],

    "iconv-lite": ["iconv-lite@0.7.3", "", { "dependencies": { "safer-buffer": ">= 2.1.2 < 3.0.0" } }, "sha512-IKXpvIzjnC9XTAUbVBcMfGS0EPaIXtW6v+zr+RRp+hqULEpo0owZax6wyRwPOJbWbzjYspQwusTsfVr0ifh4uQ=="],

    "is-property": ["is-property@1.0.2", "", {}, "sha512-Ks/IoX00TtClbGQr4TWXemAnktAQvYB7HzcCxDGqEZU6oCmb2INHuOoKxbtR+HFkmYWBKv/dOZtGRiAjDhj92g=="],

    "long": ["long@5.3.2", "", {}, "sha512-mNAgZ1GmyNhD7AuqnTG3/VQ26o760+ZYBPKjPvugO8+nLbYfX6TVpJPseBvopbdY+qpZ/lKUnmEc1LeZYS3QAA=="],

    "lru.min": ["lru.min@1.1.4", "", {}, "sha512-DqC6n3QQ77zdFpCMASA1a3Jlb64Hv2N2DciFGkO/4L9+q/IpIAuRlKOvCXabtRW6cQf8usbmM6BE/TOPysCdIA=="],

    "mime": ["mime@4.1.0", "", { "bin": { "mime": "bin/cli.js" } }, "sha512-X5ju04+cAzsojXKes0B/S4tcYtFAJ6tTMuSPBEn9CPGlrWr8Fiw7qYeLT0XyH80HSoAoqWCaz+MWKh22P7G1cw=="],

    "moo": ["moo@0.5.3", "", {}, "sha512-m2fmM2dDm7GZQsY7KK2cme8agi+AAljILjQnof7p1ZMDe6dQ4bdnSMx0cPppudoeNv5hEFQirN6u+O4fDE0IWA=="],

    "msgpackr": ["msgpackr@2.1.0", "", { "optionalDependencies": { "msgpackr-extract": "^3.0.4" } }, "sha512-p/pBCVO63CsvvpkomUnNNag6+n38rULuDA6HHe70o2gtC8ODI52foF/4ko2qQcp6OiErJXTmrZeXmsGGHsIQNQ=="],

    "msgpackr-extract": ["msgpackr-extract@3.0.4", "", { "dependencies": { "node-gyp-build-optional-packages": "5.2.2" }, "optionalDependencies": { "@msgpackr-extract/msgpackr-extract-darwin-arm64": "3.0.4", "@msgpackr-extract/msgpackr-extract-darwin-x64": "3.0.4", "@msgpackr-extract/msgpackr-extract-linux-arm": "3.0.4", "@msgpackr-extract/msgpackr-extract-linux-arm64": "3.0.4", "@msgpackr-extract/msgpackr-extract-linux-x64": "3.0.4", "@msgpackr-extract/msgpackr-extract-win32-x64": "3.0.4" }, "bin": { "download-msgpackr-prebuilds": "bin/download-prebuilds.js" } }, "sha512-4kmO/MdyUIkLIvTPr8VHLil4AtoKIoniWPIEk5+CDy0xnWC84azhSFmuJ7PxZdsYtiP5kEeQsORAVIeMgxT+Hw=="],

    "mysql2": ["mysql2@3.24.3", "", { "dependencies": { "aws-ssl-profiles": "^1.1.2", "generate-function": "^2.3.1", "iconv-lite": "^0.7.3", "long": "^5.3.2", "lru.min": "^1.1.4", "named-placeholders": "^1.1.6", "sql-escaper": "^1.5.1" }, "peerDependencies": { "@types/node": ">= 8" } }, "sha512-OKfWHkMAg9v06neq8FmSyhbxPQKABN9PAW5G9/bDTXzJBO5xXtkKL0V27vju7HQWk9UD4Od5BZsvCtBTB1CPEw=="],

    "named-placeholders": ["named-placeholders@1.1.6", "", { "dependencies": { "lru.min": "^1.1.0" } }, "sha512-Tz09sEL2EEuv5fFowm419c1+a/jSMiBjI9gHxVLrVdbUkkNUUfjsVYs9pVZu5oCon/kmRh9TfLEObFtkVxmY0w=="],

    "nearley": ["nearley@2.20.1", "", { "dependencies": { "commander": "^2.19.0", "moo": "^0.5.0", "railroad-diagrams": "^1.0.0", "randexp": "0.4.6" }, "bin": { "nearleyc": "bin/nearleyc.js", "nearley-test": "bin/nearley-test.js", "nearley-unparse": "bin/nearley-unparse.js", "nearley-railroad": "bin/nearley-railroad.js" } }, "sha512-+Mc8UaAebFzgV+KpI5n7DasuuQCHA89dmwm7JXw3TV43ukfNQ9DnBH3Mdb2g/I4Fdxc26pwimBWvjIw0UAILSQ=="],

    "node-gyp-build-optional-packages": ["node-gyp-build-optional-packages@5.2.2", "", { "dependencies": { "detect-libc": "^2.0.1" }, "bin": { "node-gyp-build-optional-packages": "bin.js", "node-gyp-build-optional-packages-optional": "optional.js", "node-gyp-build-optional-packages-test": "build-test.js" } }, "sha512-s+w+rBWnpTMwSFbaE0UXsRlg7hU4FjekKU4eyAih5T8nJuNZT1nNsskXpxmeqSK9UzkBl6UgRlnKc8hz8IEqOw=="],

    "obuf": ["obuf@1.1.2", "", {}, "sha512-PX1wu0AmAdPqOL1mWhqmlOd8kOIZQwGZw6rh7uby9fTc5lhaOWFLX3I6R1hrF9k3zUY40e6igsLGkDXK92LJNg=="],

    "pg": ["pg@8.23.0", "", { "dependencies": { "pg-connection-string": "^2.14.0", "pg-pool": "^3.14.0", "pg-protocol": "^1.16.0", "pg-types": "2.2.0", "pgpass": "1.0.5" }, "optionalDependencies": { "pg-cloudflare": "^1.4.0" }, "peerDependencies": { "pg-native": ">=3.0.1" }, "optionalPeers": ["pg-native"] }, "sha512-Ip2EQCngowJLGOfCwkFhPXU7/ljlhn6Rxlmy4XYfL2Y+vyRM59+8uR2xqRWKdYmbXmxCFOAmKxBuSUCdF34qLg=="],

    "pg-cloudflare": ["pg-cloudflare@1.4.0", "", {}, "sha512-Vo7z/6rrQYxpNRylp4Tlob2elzbh+N/MOQbxFVWCxS7oEx6jF53GTJFxK2WWpKuBRkmiin4Mt+xofFDjx09R0A=="],

    "pg-connection-string": ["pg-connection-string@2.14.0", "", {}, "sha512-XwWDGcLRGCXAR8F/AM5bG7Q+A3Wm2s6QeEjlOKZLlH3UYcguiqCWKyWXVag5TLTIjR7oOJUY8kcADaZgWPyLeg=="],

    "pg-cursor": ["pg-cursor@2.22.0", "", { "peerDependencies": { "pg": "^8" } }, "sha512-knzXLKqarTjOvb3qDSW0JiGsazmxwEKXrqHfWRte7XUsOYccQRafn3BLnQobWwInkzFJSyOej8y8cQRh2z3kGw=="],

    "pg-int8": ["pg-int8@1.0.1", "", {}, "sha512-WCtabS6t3c8SkpDBUlb1kjOs7l66xsGdKpIPZsg4wR+B3+u9UAum2odSsF9tnvxg80h4ZxLWMy4pRjOsFIqQpw=="],

    "pg-numeric": ["pg-numeric@1.0.2", "", {}, "sha512-BM/Thnrw5jm2kKLE5uJkXqqExRUY/toLHda65XgFTBTFYZyopbKjBe29Ii3RbkvlsMoFwD+tHeGaCjjv0gHlyw=="],

    "pg-pool": ["pg-pool@3.14.0", "", { "peerDependencies": { "pg": ">=8.0" } }, "sha512-gKtPkFdQPU3DksooVLi9LsjZxrsBUZIpa+7aVx+LV5pNh0KzP4Zleud2po+ConrxbuXGBJ6Hfer6hdgpIBpBaw=="],

    "pg-protocol": ["pg-protocol@1.16.0", "", {}, "sha512-sILXutLVjCLjcDuOmvhX5e2Z4cS5qG/6Bu3VkpFwdf/633ElGLpEh9bgmuI5I4sqKqkifQiGyiCcx1HdtrK7tg=="],

    "pg-types": ["pg-types@4.1.0", "", { "dependencies": { "pg-int8": "1.0.1", "pg-numeric": "1.0.2", "postgres-array": "~3.0.1", "postgres-bytea": "~3.0.0", "postgres-date": "~2.1.0", "postgres-interval": "^3.0.0", "postgres-range": "^1.1.1" } }, "sha512-o2XFanIMy/3+mThw69O8d4n1E5zsLhdO+OPqswezu7Z5ekP4hYDqlDjlmOpYMbzY2Br0ufCwJLdDIXeNVwcWFg=="],

    "pgpass": ["pgpass@1.0.5", "", { "dependencies": { "split2": "^4.1.0" } }, "sha512-FdW9r/jQZhSeohs1Z3sI1yxFQNFvMcnmfuj4WBMUTxOrAyLMaTcE1aAMBiTlbMNaXvBCQuVi0R7hd8udDSP7ug=="],

    "pgsql-ast-parser": ["pgsql-ast-parser@12.0.2", "", { "dependencies": { "moo": "^0.5.1", "nearley": "^2.19.5" } }, "sha512-1WWa96Sw6h4uv9GLw98EzH/+xoBTC8j2TwV/AMW3E+Ir/fHOu/jLLbj6kPiz3y2bGISTKNYvKWwHoqvQ5FLuAw=="],

    "picomatch": ["picomatch@4.0.5", "", {}, "sha512-RvwwcruNjI1ncT5xRakeyS9Lf8lcItv34KD+aif+VH9kduAyfYBipGh12274xtenIPZ119/R9BdTBa8gAwSh0A=="],

    "postgres-array": ["postgres-array@3.0.4", "", {}, "sha512-nAUSGfSDGOaOAEGwqsRY27GPOea7CNipJPOA7lPbdEpx5Kg3qzdP0AaWC5MlhTWV9s4hFX39nomVZ+C4tnGOJQ=="],

    "postgres-bytea": ["postgres-bytea@3.0.0", "", { "dependencies": { "obuf": "~1.1.2" } }, "sha512-CNd4jim9RFPkObHSjVHlVrxoVQXz7quwNFpz7RY1okNNme49+sVyiTvTRobiLV548Hx/hb1BG+iE7h9493WzFw=="],

    "postgres-date": ["postgres-date@2.1.0", "", {}, "sha512-K7Juri8gtgXVcDfZttFKVmhglp7epKb1K4pgrkLxehjqkrgPhfG6OO8LHLkfaqkbpjNRnra018XwAr1yQFWGcA=="],

    "postgres-interval": ["postgres-interval@3.0.0", "", {}, "sha512-BSNDnbyZCXSxgA+1f5UU2GmwhoI0aU5yMxRGO8CdFEcY2BQF9xm/7MqKnYoM1nJDk8nONNWDk9WeSmePFhQdlw=="],

    "postgres-range": ["postgres-range@1.1.4", "", {}, "sha512-i/hbxIE9803Alj/6ytL7UHQxRvZkI9O4Sy+J3HGc4F4oo/2eQAjTSNJ0bfxyse3bH0nuVesCk+3IRLaMtG3H6w=="],

    "pure-rand": ["pure-rand@8.4.1", "", {}, "sha512-c58R2+SPFcSIPXoU834QN/KPDDOSd8sXcSrqf6e83Me6Rrp1EYkxukkjXMVrKvKaADs1SOyNkWdfvLf6zY8qLQ=="],

    "railroad-diagrams": ["railroad-diagrams@1.0.0", "", {}, "sha512-cz93DjNeLY0idrCNOH6PviZGRN9GJhsdm9hpn1YCS879fj4W+x5IFJhhkRZcwVgMmFF7R82UA/7Oh+R8lLZg6A=="],

    "randexp": ["randexp@0.4.6", "", { "dependencies": { "discontinuous-range": "1.0.0", "ret": "~0.1.10" } }, "sha512-80WNmd9DA0tmZrw9qQa62GPPWfuXJknrmVmLcxvq4uZBdYqb1wYoKTmnlGUchvVWe0XiLupYkBoXVOxz3C8DYQ=="],

    "redis": ["redis@6.2.1", "", { "dependencies": { "@redis/bloom": "6.2.1", "@redis/client": "6.2.1", "@redis/json": "6.2.1", "@redis/search": "6.2.1", "@redis/time-series": "6.2.1" } }, "sha512-Z9VHtgYs48PiQC77X9O2Er8Hj4T+5BtFjT91/vi5Is1D04N72cA946ZslM1ImJw8ZctFBZWAVjM7S5wJNeHMpg=="],

    "ret": ["ret@0.1.15", "", {}, "sha512-TTlYpa+OL+vMMNG24xSlQGEJ3B/RzEfUlLct7b5G/ytav+wPrplCpVMFuwzXbkecJrb6IYo1iFb0S9v37754mg=="],

    "safer-buffer": ["safer-buffer@2.1.2", "", {}, "sha512-YZo3K82SD7Riyi0E1EQPojLz7kpepnSQI9IyPbHHg1XXXevb5dJI7tpyN2ADxGcQbHG7vcyRHk0cbwqcQriUtg=="],

    "split2": ["split2@4.2.0", "", {}, "sha512-UcjcJOWknrNkF6PLX83qcHM6KHgVKNkV62Y8a5uYDVv9ydGQVwAHMKqHdJje1VTWpljG0WYpCDhrCdAOYH4TWg=="],

    "sql-escaper": ["sql-escaper@1.5.1", "", {}, "sha512-4toX5E1fQbBrpfXidaHnF0669nkAdETeIPTs2SUjxxD7RRIs9ICG4gtpmfc68JCEKehsdwLFqBu9VlQqZ1P1gg=="],

    "tinyglobby": ["tinyglobby@0.2.17", "", { "dependencies": { "fdir": "^6.5.0", "picomatch": "^4.0.4" } }, "sha512-wXR/dYpcqKmfWpEdZjiKJOwCNFndD0DMnrW/cYjVGttEkBfVgcLFHoNrlj47mjOVic9yyNu65alsgF4NQyTa2g=="],

    "typescript": ["typescript@6.0.3", "", { "bin": { "tsc": "bin/tsc", "tsserver": "bin/tsserver" } }, "sha512-y2TvuxSZPDyQakkFRPZHKFm+KKVqIisdg9/CZwm9ftvKXLP8NRWj38/ODjNbr43SsoXqNuAisEf1GdCxqWcdBw=="],

    "undici": ["undici@8.10.2", "", {}, "sha512-/y4/bH9YNU5hi9NIrpOuvGXFcxrj3CMrV+/AYpowAYTpHn8gX/XPFjNy766FPoYY0miQhdW977JFWKGNhBdwyQ=="],

    "undici-types": ["undici-types@8.3.0", "", {}, "sha512-j375ScV60dom+YkPFIfTLcOiPxkN/buHz5GobjLhixFuANaNs3C9l4GmrWqejgXWJ7BbJcFYpTEUkS1Ge8bpZQ=="],

    "ws": ["ws@8.21.3", "", { "peerDependencies": { "bufferutil": "^4.0.1", "utf-8-validate": ">=5.0.2" }, "optionalPeers": ["bufferutil", "utf-8-validate"] }, "sha512-201TZ/kPWxoPr/OKWjquZR1SWKXcvxdH+e1xrx89b3YbmzLMFCLfnaG1HFIgWzJOEWZ7MvpK++odZufgYR50Rw=="],

    "xtend": ["xtend@4.0.2", "", {}, "sha512-LKYU1iAXJXUgAXn9URjiu+MWhyUXHsvfp7mcuYm9dSUKK0/CjtrUwFAxD82/mCWbtLsGjFIad0wIsod4zrTAEQ=="],

    "@types/ws/@types/node": ["@types/node@26.0.1", "", { "dependencies": { "undici-types": "~8.3.0" } }, "sha512-fc3KiUoBt6kie0N9bIW3E47vZsuaMf0PM2AaUpLCLT0s/LvX1nxAim6Fc049cNxODPpGm6qRAuUOB86SkRuPQw=="],

    "pg/pg-types": ["pg-types@2.2.0", "", { "dependencies": { "pg-int8": "1.0.1", "postgres-array": "~2.0.0", "postgres-bytea": "~1.0.0", "postgres-date": "~1.0.4", "postgres-interval": "^1.1.0" } }, "sha512-qTAAlrEsl8s4OiEQY69wDvcMIdQN6wdz5ojQiOy6YRMuynxenON0O5oCpJI6lshc6scgAY8qvJ2On/p+CXY0GA=="],

    "pg/pg-types/postgres-array": ["postgres-array@2.0.0", "", {}, "sha512-VpZrUqU5A69eQyW2c5CA1jtLecCsN2U/bD6VilrFDWq5+5UIEVO7nazS3TEcHf1zuPYO/sqGvUvW62g86RXZuA=="],

    "pg/pg-types/postgres-bytea": ["postgres-bytea@1.0.1", "", {}, "sha512-5+5HqXnsZPE65IJZSMkZtURARZelel2oXUEO8rH83VS/hxH5vv1uHquPg5wZs8yMAfdv971IU+kcPUczi7NVBQ=="],

    "pg/pg-types/postgres-date": ["postgres-date@1.0.7", "", {}, "sha512-suDmjLVQg78nMK2UZ454hAG+OAW+HQPZ6n++TNDUX+L0+uUlLywnoxJKDou51Zm+zTCjrCl0Nq6J9C5hP9vK/Q=="],

    "pg/pg-types/postgres-interval": ["postgres-interval@1.2.0", "", { "dependencies": { "xtend": "^4.0.0" } }, "sha512-9ZhXKM/rw350N1ovuWHbGxnGh/SNJ4cnxHiM0rxE4VN41wsg8P8zWn9hv/buK00RP4WvlOyr/RBDiptyxVbkZQ=="],
  }
}
